
Microsoft Visual Studio Solution File, Format Version 12.00
# Visual Studio Version 17
VisualStudioVersion = 17.3.32901.215
MinimumVisualStudioVersion = 10.0.40219.1
Project("{9A19103F-16F7-4668-BE54-9A1E7A4F7556}") = "FileEditor", "FileEditor\FileEditor.csproj", "{9F44C71A-A118-42D9-B6B3-EFD5BB6398B9}"
EndProject
Project("{9A19103F-16F7-4668-BE54-9A1E7A4F7556}") = "BlurFileFormats", "..\BlurFileFormats\BlurFileFormats.csproj", "{141CDA9E-6C71-48B3-9541-A10D587E5EA4}"
EndProject
Global
	GlobalSection(SolutionConfigurationPlatforms) = preSolution
		Debug|Any CPU = Debug|Any CPU
		Debug|x64 = Debug|x64
		Release|Any CPU = Release|Any CPU
		Release|x64 = Release|x64
	EndGlobalSection
	GlobalSection(ProjectConfigurationPlatforms) = postSolution
		{9F44C71A-A118-42D9-B6B3-EFD5BB6398B9}.Debug|Any CPU.ActiveCfg = Debug|Any CPU
		{9F44C71A-A118-42D9-B6B3-EFD5BB6398B9}.Debug|Any CPU.Build.0 = Debug|Any CPU
		{9F44C71A-A118-42D9-B6B3-EFD5BB6398B9}.Debug|x64.ActiveCfg = Debug|x64
		{9F44C71A-A118-42D9-B6B3-EFD5BB6398B9}.Debug|x64.Build.0 = Debug|x64
		{9F44C71A-A118-42D9-B6B3-EFD5BB6398B9}.Release|Any CPU.ActiveCfg = Release|Any CPU
		{9F44C71A-A118-42D9-B6B3-EFD5BB6398B9}.Release|Any CPU.Build.0 = Release|Any CPU
		{9F44C71A-A118-42D9-B6B3-EFD5BB6398B9}.Release|x64.ActiveCfg = Release|x64
		{9F44C71A-A118-42D9-B6B3-EFD5BB6398B9}.Release|x64.Build.0 = Release|x64
		{141CDA9E-6C71-48B3-9541-A10D587E5EA4}.Debug|Any CPU.ActiveCfg = Debug|Any CPU
		{141CDA9E-6C71-48B3-9541-A10D587E5EA4}.Debug|Any CPU.Build.0 = Debug|Any CPU
		{141CDA9E-6C71-48B3-9541-A10D587E5EA4}.Debug|x64.ActiveCfg = Debug|Any CPU
		{141CDA9E-6C71-48B3-9541-A10D587E5EA4}.Debug|x64.Build.0 = Debug|Any CPU
		{141CDA9E-6C71-48B3-9541-A10D587E5EA4}.Release|Any CPU.ActiveCfg = Release|Any CPU
		{141CDA9E-6C71-48B3-9541-A10D587E5EA4}.Release|Any CPU.Build.0 = Release|Any CPU
		{141CDA9E-6C71-48B3-9541-A10D587E5EA4}.Release|x64.ActiveCfg = Release|Any CPU
		{141CDA9E-6C71-48B3-9541-A10D587E5EA4}.Release|x64.Build.0 = Release|Any CPU
	EndGlobalSection
	GlobalSection(SolutionProperties) = preSolution
		HideSolutionNode = FALSE
	EndGlobalSection
	GlobalSection(ExtensibilityGlobals) = postSolution
		SolutionGuid = {7A0CC90F-373A-4C94-B669-95492DAB70D0}
	EndGlobalSection
EndGlobal
